// !$*UTF8*$!
{
	archiveVersion = 1;
	classes = {
	};
	objectVersion = 46;
	objects = {

/* Begin PBXBuildFile section */
		715ECB941C74275300B8195E /* NSString+Tools.m in Sources */ = {isa = PBXBuildFile; fileRef = 715ECB931C74275300B8195E /* NSString+Tools.m */; };
		718390EF1C72FCDC00E1A29C /* YTDatePick.m in Sources */ = {isa = PBXBuildFile; fileRef = 718390EC1C72FCDC00E1A29C /* YTDatePick.m */; };
		718390F01C72FCDC00E1A29C /* YTDatePicker_DateModel.m in Sources */ = {isa = PBXBuildFile; fileRef = 718390EE1C72FCDC00E1A29C /* YTDatePicker_DateModel.m */; };
		7191C05B1C717DCD003356D3 /* main.m in Sources */ = {isa = PBXBuildFile; fileRef = 7191C05A1C717DCD003356D3 /* main.m */; };
		7191C05E1C717DCD003356D3 /* AppDelegate.m in Sources */ = {isa = PBXBuildFile; fileRef = 7191C05D1C717DCD003356D3 /* AppDelegate.m */; };
		7191C0611C717DCE003356D3 /* ViewController.m in Sources */ = {isa = PBXBuildFile; fileRef = 7191C0601C717DCE003356D3 /* ViewController.m */; };
		7191C0641C717DCE003356D3 /* Main.storyboard in Resources */ = {isa = PBXBuildFile; fileRef = 7191C0621C717DCE003356D3 /* Main.storyboard */; };
		7191C0661C717DCE003356D3 /* Assets.xcassets in Resources */ = {isa = PBXBuildFile; fileRef = 7191C0651C717DCE003356D3 /* Assets.xcassets */; };
		7191C0691C717DCE003356D3 /* LaunchScreen.storyboard in Resources */ = {isa = PBXBuildFile; fileRef = 7191C0671C717DCE003356D3 /* LaunchScreen.storyboard */; };
		7191C0741C717DCE003356D3 /* YTDataSelectDemoTests.m in Sources */ = {isa = PBXBuildFile; fileRef = 7191C0731C717DCE003356D3 /* YTDataSelectDemoTests.m */; };
		7191C07F1C717DCE003356D3 /* YTDataSelectDemoUITests.m in Sources */ = {isa = PBXBuildFile; fileRef = 7191C07E1C717DCE003356D3 /* YTDataSelectDemoUITests.m */; };
/* End PBXBuildFile section */

/* Begin PBXContainerItemProxy section */
		7191C0701C717DCE003356D3 /* PBXContainerItemProxy */ = {
			isa = PBXContainerItemProxy;
			containerPortal = 7191C04E1C717DCD003356D3 /* Project object */;
			proxyType = 1;
			remoteGlobalIDString = 7191C0551C717DCD003356D3;
			remoteInfo = YTDataSelectDemo;
		};
		7191C07B1C717DCE003356D3 /* PBXContainerItemProxy */ = {
			isa = PBXContainerItemProxy;
			containerPortal = 7191C04E1C717DCD003356D3 /* Project object */;
			proxyType = 1;
			remoteGlobalIDString = 7191C0551C717DCD003356D3;
			remoteInfo = YTDataSelectDemo;
		};
/* End PBXContainerItemProxy section */

/* Begin PBXFileReference section */
		715ECB921C74275300B8195E /* NSString+Tools.h */ = {isa = PBXFileReference; fileEncoding = 4; lastKnownFileType = sourcecode.c.h; path = "NSString+Tools.h"; sourceTree = "<group>"; };
		715ECB931C74275300B8195E /* NSString+Tools.m */ = {isa = PBXFileReference; fileEncoding = 4; lastKnownFileType = sourcecode.c.objc; path = "NSString+Tools.m"; sourceTree = "<group>"; };
		718390EB1C72FCDC00E1A29C /* YTDatePick.h */ = {isa = PBXFileReference; fileEncoding = 4; lastKnownFileType = sourcecode.c.h; path = YTDatePick.h; sourceTree = "<group>"; };
		718390EC1C72FCDC00E1A29C /* YTDatePick.m */ = {isa = PBXFileReference; fileEncoding = 4; lastKnownFileType = sourcecode.c.objc; path = YTDatePick.m; sourceTree = "<group>"; };
		718390ED1C72FCDC00E1A29C /* YTDatePicker_DateModel.h */ = {isa = PBXFileReference; fileEncoding = 4; lastKnownFileType = sourcecode.c.h; path = YTDatePicker_DateModel.h; sourceTree = "<group>"; };
		718390EE1C72FCDC00E1A29C /* YTDatePicker_DateModel.m */ = {isa = PBXFileReference; fileEncoding = 4; lastKnownFileType = sourcecode.c.objc; path = YTDatePicker_DateModel.m; sourceTree = "<group>"; };
		7191C0561C717DCD003356D3 /* YTDataSelectDemo.app */ = {isa = PBXFileReference; explicitFileType = wrapper.application; includeInIndex = 0; path = YTDataSelectDemo.app; sourceTree = BUILT_PRODUCTS_DIR; };
		7191C05A1C717DCD003356D3 /* main.m */ = {isa = PBXFileReference; lastKnownFileType = sourcecode.c.objc; path = main.m; sourceTree = "<group>"; };
		7191C05C1C717DCD003356D3 /* AppDelegate.h */ = {isa = PBXFileReference; lastKnownFileType = sourcecode.c.h; path = AppDelegate.h; sourceTree = "<group>"; };
		7191C05D1C717DCD003356D3 /* AppDelegate.m */ = {isa = PBXFileReference; lastKnownFileType = sourcecode.c.objc; path = AppDelegate.m; sourceTree = "<group>"; };
		7191C05F1C717DCD003356D3 /* ViewController.h */ = {isa = PBXFileReference; lastKnownFileType = sourcecode.c.h; path = ViewController.h; sourceTree = "<group>"; };
		7191C0601C717DCE003356D3 /* ViewController.m */ = {isa = PBXFileReference; lastKnownFileType = sourcecode.c.objc; path = ViewController.m; sourceTree = "<group>"; };
		7191C0631C717DCE003356D3 /* Base */ = {isa = PBXFileReference; lastKnownFileType = file.storyboard; name = Base; path = Base.lproj/Main.storyboard; sourceTree = "<group>"; };
		7191C0651C717DCE003356D3 /* Assets.xcassets */ = {isa = PBXFileReference; lastKnownFileType = folder.assetcatalog; path = Assets.xcassets; sourceTree = "<group>"; };
		7191C0681C717DCE003356D3 /* Base */ = {isa = PBXFileReference; lastKnownFileType = file.storyboard; name = Base; path = Base.lproj/LaunchScreen.storyboard; sourceTree = "<group>"; };
		7191C06A1C717DCE003356D3 /* Info.plist */ = {isa = PBXFileReference; lastKnownFileType = text.plist.xml; path = Info.plist; sourceTree = "<group>"; };
		7191C06F1C717DCE003356D3 /* YTDataSelectDemoTests.xctest */ = {isa = PBXFileReference; explicitFileType = wrapper.cfbundle; includeInIndex = 0; path = YTDataSelectDemoTests.xctest; sourceTree = BUILT_PRODUCTS_DIR; };
		7191C0731C717DCE003356D3 /* YTDataSelectDemoTests.m */ = {isa = PBXFileReference; lastKnownFileType = sourcecode.c.objc; path = YTDataSelectDemoTests.m; sourceTree = "<group>"; };
		7191C0751C717DCE003356D3 /* Info.plist */ = {isa = PBXFileReference; lastKnownFileType = text.plist.xml; path = Info.plist; sourceTree = "<group>"; };
		7191C07A1C717DCE003356D3 /* YTDataSelectDemoUITests.xctest */ = {isa = PBXFileReference; explicitFileType = wrapper.cfbundle; includeInIndex = 0; path = YTDataSelectDemoUITests.xctest; sourceTree = BUILT_PRODUCTS_DIR; };
		7191C07E1C717DCE003356D3 /* YTDataSelectDemoUITests.m */ = {isa = PBXFileReference; lastKnownFileType = sourcecode.c.objc; path = YTDataSelectDemoUITests.m; sourceTree = "<group>"; };
		7191C0801C717DCE003356D3 /* Info.plist */ = {isa = PBXFileReference; lastKnownFileType = text.plist.xml; path = Info.plist; sourceTree = "<group>"; };
/* End PBXFileReference section */

/* Begin PBXFrameworksBuildPhase section */
		7191C0531C717DCD003356D3 /* Frameworks */ = {
			isa = PBXFrameworksBuildPhase;
			buildActionMask = 2147483647;
			files = (
			);
			runOnlyForDeploymentPostprocessing = 0;
		};
		7191C06C1C717DCE003356D3 /* Frameworks */ = {
			isa = PBXFrameworksBuildPhase;
			buildActionMask = 2147483647;
			files = (
			);
			runOnlyForDeploymentPostprocessing = 0;
		};
		7191C0771C717DCE003356D3 /* Frameworks */ = {
			isa = PBXFrameworksBuildPhase;
			buildActionMask = 2147483647;
			files = (
			);
			runOnlyForDeploymentPostprocessing = 0;
		};
/* End PBXFrameworksBuildPhase section */

/* Begin PBXGroup section */
		718390EA1C72FCDC00E1A29C /* YTDatePick */ = {
			isa = PBXGroup;
			children = (
				718390EB1C72FCDC00E1A29C /* YTDatePick.h */,
				718390EC1C72FCDC00E1A29C /* YTDatePick.m */,
				718390ED1C72FCDC00E1A29C /* YTDatePicker_DateModel.h */,
				718390EE1C72FCDC00E1A29C /* YTDatePicker_DateModel.m */,
			);
			path = YTDatePick;
			sourceTree = "<group>";
		};
		7191C04D1C717DCD003356D3 = {
			isa = PBXGroup;
			children = (
				7191C0581C717DCD003356D3 /* YTDataSelectDemo */,
				7191C0721C717DCE003356D3 /* YTDataSelectDemoTests */,
				7191C07D1C717DCE003356D3 /* YTDataSelectDemoUITests */,
				7191C0571C717DCD003356D3 /* Products */,
			);
			sourceTree = "<group>";
		};
		7191C0571C717DCD003356D3 /* Products */ = {
			isa = PBXGroup;
			children = (
				7191C0561C717DCD003356D3 /* YTDataSelectDemo.app */,
				7191C06F1C717DCE003356D3 /* YTDataSelectDemoTests.xctest */,
				7191C07A1C717DCE003356D3 /* YTDataSelectDemoUITests.xctest */,
			);
			name = Products;
			sourceTree = "<group>";
		};
		7191C0581C717DCD003356D3 /* YTDataSelectDemo */ = {
			isa = PBXGroup;
			children = (
				715ECB921C74275300B8195E /* NSString+Tools.h */,
				715ECB931C74275300B8195E /* NSString+Tools.m */,
				718390EA1C72FCDC00E1A29C /* YTDatePick */,
				7191C05C1C717DCD003356D3 /* AppDelegate.h */,
				7191C05D1C717DCD003356D3 /* AppDelegate.m */,
				7191C05F1C717DCD003356D3 /* ViewController.h */,
				7191C0601C717DCE003356D3 /* ViewController.m */,
				7191C0621C717DCE003356D3 /* Main.storyboard */,
				7191C0651C717DCE003356D3 /* Assets.xcassets */,
				7191C0671C717DCE003356D3 /* LaunchScreen.storyboard */,
				7191C06A1C717DCE003356D3 /* Info.plist */,
				7191C0591C717DCD003356D3 /* Supporting Files */,
			);
			path = YTDataSelectDemo;
			sourceTree = "<group>";
		};
		7191C0591C717DCD003356D3 /* Supporting Files */ = {
			isa = PBXGroup;
			children = (
				7191C05A1C717DCD003356D3 /* main.m */,
			);
			name = "Supporting Files";
			sourceTree = "<group>";
		};
		7191C0721C717DCE003356D3 /* YTDataSelectDemoTests */ = {
			isa = PBXGroup;
			children = (
				7191C0731C717DCE003356D3 /* YTDataSelectDemoTests.m */,
				7191C0751C717DCE003356D3 /* Info.plist */,
			);
			path = YTDataSelectDemoTests;
			sourceTree = "<group>";
		};
		7191C07D1C717DCE003356D3 /* YTDataSelectDemoUITests */ = {
			isa = PBXGroup;
			children = (
				7191C07E1C717DCE003356D3 /* YTDataSelectDemoUITests.m */,
				7191C0801C717DCE003356D3 /* Info.plist */,
			);
			path = YTDataSelectDemoUITests;
			sourceTree = "<group>";
		};
/* End PBXGroup section */

/* Begin PBXNativeTarget section */
		7191C0551C717DCD003356D3 /* YTDataSelectDemo */ = {
			isa = PBXNativeTarget;
			buildConfigurationList = 7191C0831C717DCE003356D3 /* Build configuration list for PBXNativeTarget "YTDataSelectDemo" */;
			buildPhases = (
				7191C0521C717DCD003356D3 /* Sources */,
				7191C0531C717DCD003356D3 /* Frameworks */,
				7191C0541C717DCD003356D3 /* Resources */,
			);
			buildRules = (
			);
			dependencies = (
			);
			name = YTDataSelectDemo;
			productName = YTDataSelectDemo;
			productReference = 7191C0561C717DCD003356D3 /* YTDataSelectDemo.app */;
			productType = "com.apple.product-type.application";
		};
		7191C06E1C717DCE003356D3 /* YTDataSelectDemoTests */ = {
			isa = PBXNativeTarget;
			buildConfigurationList = 7191C0861C717DCE003356D3 /* Build configuration list for PBXNativeTarget "YTDataSelectDemoTests" */;
			buildPhases = (
				7191C06B1C717DCE003356D3 /* Sources */,
				7191C06C1C717DCE003356D3 /* Frameworks */,
				7191C06D1C717DCE003356D3 /* Resources */,
			);
			buildRules = (
			);
			dependencies = (
				7191C0711C717DCE003356D3 /* PBXTargetDependency */,
			);
			name = YTDataSelectDemoTests;
			productName = YTDataSelectDemoTests;
			productReference = 7191C06F1C717DCE003356D3 /* YTDataSelectDemoTests.xctest */;
			productType = "com.apple.product-type.bundle.unit-test";
		};
		7191C0791C717DCE003356D3 /* YTDataSelectDemoUITests */ = {
			isa = PBXNativeTarget;
			buildConfigurationList = 7191C0891C717DCE003356D3 /* Build configuration list for PBXNativeTarget "YTDataSelectDemoUITests" */;
			buildPhases = (
				7191C0761C717DCE003356D3 /* Sources */,
				7191C0771C717DCE003356D3 /* Frameworks */,
				7191C0781C717DCE003356D3 /* Resources */,
			);
			buildRules = (
			);
			dependencies = (
				7191C07C1C717DCE003356D3 /* PBXTargetDependency */,
			);
			name = YTDataSelectDemoUITests;
			productName = YTDataSelectDemoUITests;
			productReference = 7191C07A1C717DCE003356D3 /* YTDataSelectDemoUITests.xctest */;
			productType = "com.apple.product-type.bundle.ui-testing";
		};
/* End PBXNativeTarget section */

/* Begin PBXProject section */
		7191C04E1C717DCD003356D3 /* Project object */ = {
			isa = PBXProject;
			attributes = {
				LastUpgradeCheck = 0720;
				ORGANIZATIONNAME = TonyAng;
				TargetAttributes = {
					7191C0551C717DCD003356D3 = {
						CreatedOnToolsVersion = 7.2;
						DevelopmentTeam = WEEDGBG93S;
					};
					7191C06E1C717DCE003356D3 = {
						CreatedOnToolsVersion = 7.2;
						TestTargetID = 7191C0551C717DCD003356D3;
					};
					7191C0791C717DCE003356D3 = {
						CreatedOnToolsVersion = 7.2;
						TestTargetID = 7191C0551C717DCD003356D3;
					};
				};
			};
			buildConfigurationList = 7191C0511C717DCD003356D3 /* Build configuration list for PBXProject "YTDataSelectDemo" */;
			compatibilityVersion = "Xcode 3.2";
			developmentRegion = English;
			hasScannedForEncodings = 0;
			knownRegions = (
				en,
				Base,
			);
			mainGroup = 7191C04D1C717DCD003356D3;
			productRefGroup = 7191C0571C717DCD003356D3 /* Products */;
			projectDirPath = "";
			projectRoot = "";
			targets = (
				7191C0551C717DCD003356D3 /* YTDataSelectDemo */,
				7191C06E1C717DCE003356D3 /* YTDataSelectDemoTests */,
				7191C0791C717DCE003356D3 /* YTDataSelectDemoUITests */,
			);
		};
/* End PBXProject section */

/* Begin PBXResourcesBuildPhase section */
		7191C0541C717DCD003356D3 /* Resources */ = {
			isa = PBXResourcesBuildPhase;
			buildActionMask = 2147483647;
			files = (
				7191C0691C717DCE003356D3 /* LaunchScreen.storyboard in Resources */,
				7191C0661C717DCE003356D3 /* Assets.xcassets in Resources */,
				7191C0641C717DCE003356D3 /* Main.storyboard in Resources */,
			);
			runOnlyForDeploymentPostprocessing = 0;
		};
		7191C06D1C717DCE003356D3 /* Resources */ = {
			isa = PBXResourcesBuildPhase;
			buildActionMask = 2147483647;
			files = (
			);
			runOnlyForDeploymentPostprocessing = 0;
		};
		7191C0781C717DCE003356D3 /* Resources */ = {
			isa = PBXResourcesBuildPhase;
			buildActionMask = 2147483647;
			files = (
			);
			runOnlyForDeploymentPostprocessing = 0;
		};
/* End PBXResourcesBuildPhase section */

/* Begin PBXSourcesBuildPhase section */
		7191C0521C717DCD003356D3 /* Sources */ = {
			isa = PBXSourcesBuildPhase;
			buildActionMask = 2147483647;
			files = (
				7191C0611C717DCE003356D3 /* ViewController.m in Sources */,
				715ECB941C74275300B8195E /* NSString+Tools.m in Sources */,
				718390EF1C72FCDC00E1A29C /* YTDatePick.m in Sources */,
				718390F01C72FCDC00E1A29C /* YTDatePicker_DateModel.m in Sources */,
				7191C05E1C717DCD003356D3 /* AppDelegate.m in Sources */,
				7191C05B1C717DCD003356D3 /* main.m in Sources */,
			);
			runOnlyForDeploymentPostprocessing = 0;
		};
		7191C06B1C717DCE003356D3 /* Sources */ = {
			isa = PBXSourcesBuildPhase;
			buildActionMask = 2147483647;
			files = (
				7191C0741C717DCE003356D3 /* YTDataSelectDemoTests.m in Sources */,
			);
			runOnlyForDeploymentPostprocessing = 0;
		};
		7191C0761C717DCE003356D3 /* Sources */ = {
			isa = PBXSourcesBuildPhase;
			buildActionMask = 2147483647;
			files = (
				7191C07F1C717DCE003356D3 /* YTDataSelectDemoUITests.m in Sources */,
			);
			runOnlyForDeploymentPostprocessing = 0;
		};
/* End PBXSourcesBuildPhase section */

/* Begin PBXTargetDependency section */
		7191C0711C717DCE003356D3 /* PBXTargetDependency */ = {
			isa = PBXTargetDependency;
			target = 7191C0551C717DCD003356D3 /* YTDataSelectDemo */;
			targetProxy = 7191C0701C717DCE003356D3 /* PBXContainerItemProxy */;
		};
		7191C07C1C717DCE003356D3 /* PBXTargetDependency */ = {
			isa = PBXTargetDependency;
			target = 7191C0551C717DCD003356D3 /* YTDataSelectDemo */;
			targetProxy = 7191C07B1C717DCE003356D3 /* PBXContainerItemProxy */;
		};
/* End PBXTargetDependency section */

/* Begin PBXVariantGroup section */
		7191C0621C717DCE003356D3 /* Main.storyboard */ = {
			isa = PBXVariantGroup;
			children = (
				7191C0631C717DCE003356D3 /* Base */,
			);
			name = Main.storyboard;
			sourceTree = "<group>";
		};
		7191C0671C717DCE003356D3 /* LaunchScreen.storyboard */ = {
			isa = PBXVariantGroup;
			children = (
				7191C0681C717DCE003356D3 /* Base */,
			);
			name = LaunchScreen.storyboard;
			sourceTree = "<group>";
		};
/* End PBXVariantGroup section */

/* Begin XCBuildConfiguration section */
		7191C0811C717DCE003356D3 /* Debug */ = {
			isa = XCBuildConfiguration;
			buildSettings = {
				ALWAYS_SEARCH_USER_PATHS = NO;
				CLANG_CXX_LANGUAGE_STANDARD = "gnu++0x";
				CLANG_CXX_LIBRARY = "libc++";
				CLANG_ENABLE_MODULES = YES;
				CLANG_ENABLE_OBJC_ARC = YES;
				CLANG_WARN_BOOL_CONVERSION = YES;
				CLANG_WARN_CONSTANT_CONVERSION = YES;
				CLANG_WARN_DIRECT_OBJC_ISA_USAGE = YES_ERROR;
				CLANG_WARN_EMPTY_BODY = YES;
				CLANG_WARN_ENUM_CONVERSION = YES;
				CLANG_WARN_INT_CONVERSION = YES;
				CLANG_WARN_OBJC_ROOT_CLASS = YES_ERROR;
				CLANG_WARN_UNREACHABLE_CODE = YES;
				CLANG_WARN__DUPLICATE_METHOD_MATCH = YES;
				"CODE_SIGN_IDENTITY[sdk=iphoneos*]" = "iPhone Developer";
				COPY_PHASE_STRIP = NO;
				DEBUG_INFORMATION_FORMAT = dwarf;
				ENABLE_STRICT_OBJC_MSGSEND = YES;
				ENABLE_TESTABILITY = YES;
				GCC_C_LANGUAGE_STANDARD = gnu99;
				GCC_DYNAMIC_NO_PIC = NO;
				GCC_NO_COMMON_BLOCKS = YES;
				GCC_OPTIMIZATION_LEVEL = 0;
				GCC_PREPROCESSOR_DEFINITIONS = (
					"DEBUG=1",
					"$(inherited)",
				);
				GCC_WARN_64_TO_32_BIT_CONVERSION = YES;
				GCC_WARN_ABOUT_RETURN_TYPE = YES_ERROR;
				GCC_WARN_UNDECLARED_SELECTOR = YES;
				GCC_WARN_UNINITIALIZED_AUTOS = YES_AGGRESSIVE;
				GCC_WARN_UNUSED_FUNCTION = YES;
				GCC_WARN_UNUSED_VARIABLE = YES;
				IPHONEOS_DEPLOYMENT_TARGET = 9.2;
				MTL_ENABLE_DEBUG_INFO = YES;
				ONLY_ACTIVE_ARCH = YES;
				SDKROOT = iphoneos;
				TARGETED_DEVICE_FAMILY = "1,2";
			};
			name = Debug;
		};
		7191C0821C717DCE003356D3 /* Release */ = {
			isa = XCBuildConfiguration;
			buildSettings = {
				ALWAYS_SEARCH_USER_PATHS = NO;
				CLANG_CXX_LANGUAGE_STANDARD = "gnu++0x";
				CLANG_CXX_LIBRARY = "libc++";
				CLANG_ENABLE_MODULES = YES;
				CLANG_ENABLE_OBJC_ARC = YES;
				CLANG_WARN_BOOL_CONVERSION = YES;
				CLANG_WARN_CONSTANT_CONVERSION = YES;
				CLANG_WARN_DIRECT_OBJC_ISA_USAGE = YES_ERROR;
				CLANG_WARN_EMPTY_BODY = YES;
				CLANG_WARN_ENUM_CONVERSION = YES;
				CLANG_WARN_INT_CONVERSION = YES;
				CLANG_WARN_OBJC_ROOT_CLASS = YES_ERROR;
				CLANG_WARN_UNREACHABLE_CODE = YES;
				CLANG_WARN__DUPLICATE_METHOD_MATCH = YES;
				"CODE_SIGN_IDENTITY[sdk=iphoneos*]" = "iPhone Developer";
				COPY_PHASE_STRIP = NO;
				DEBUG_INFORMATION_FORMAT = "dwarf-with-dsym";
				ENABLE_NS_ASSERTIONS = NO;
				ENABLE_STRICT_OBJC_MSGSEND = YES;
				GCC_C_LANGUAGE_STANDARD = gnu99;
				GCC_NO_COMMON_BLOCKS = YES;
				GCC_WARN_64_TO_32_BIT_CONVERSION = YES;
				GCC_WARN_ABOUT_RETURN_TYPE = YES_ERROR;
				GCC_WARN_UNDECLARED_SELECTOR = YES;
				GCC_WARN_UNINITIALIZED_AUTOS = YES_AGGRESSIVE;
				GCC_WARN_UNUSED_FUNCTION = YES;
				GCC_WARN_UNUSED_VARIABLE = YES;
				IPHONEOS_DEPLOYMENT_TARGET = 9.2;
				MTL_ENABLE_DEBUG_INFO = NO;
				SDKROOT = iphoneos;
				TARGETED_DEVICE_FAMILY = "1,2";
				VALIDATE_PRODUCT = YES;
			};
			name = Release;
		};
		7191C0841C717DCE003356D3 /* Debug */ = {
			isa = XCBuildConfiguration;
			buildSettings = {
				ASSETCATALOG_COMPILER_APPICON_NAME = AppIcon;
				CODE_SIGN_IDENTITY = "iPhone Developer";
				INFOPLIST_FILE = YTDataSelectDemo/Info.plist;
				LD_RUNPATH_SEARCH_PATHS = "$(inherited) @executable_path/Frameworks";
				PRODUCT_BUNDLE_IDENTIFIER = hzxcbkj.YTDataSelectDemo;
				PRODUCT_NAME = "$(TARGET_NAME)";
			};
			name = Debug;
		};
		7191C0851C717DCE003356D3 /* Release */ = {
			isa = XCBuildConfiguration;
			buildSettings = {
				ASSETCATALOG_COMPILER_APPICON_NAME = AppIcon;
				CODE_SIGN_IDENTITY = "iPhone Developer";
				INFOPLIST_FILE = YTDataSelectDemo/Info.plist;
				LD_RUNPATH_SEARCH_PATHS = "$(inherited) @executable_path/Frameworks";
				PRODUCT_BUNDLE_IDENTIFIER = hzxcbkj.YTDataSelectDemo;
				PRODUCT_NAME = "$(TARGET_NAME)";
			};
			name = Release;
		};
		7191C0871C717DCE003356D3 /* Debug */ = {
			isa = XCBuildConfiguration;
			buildSettings = {
				BUNDLE_LOADER = "$(TEST_HOST)";
				INFOPLIST_FILE = YTDataSelectDemoTests/Info.plist;
				LD_RUNPATH_SEARCH_PATHS = "$(inherited) @executable_path/Frameworks @loader_path/Frameworks";
				PRODUCT_BUNDLE_IDENTIFIER = hzxcbkj.YTDataSelectDemoTests;
				PRODUCT_NAME = "$(TARGET_NAME)";
				TEST_HOST = "$(BUILT_PRODUCTS_DIR)/YTDataSelectDemo.app/YTDataSelectDemo";
			};
			name = Debug;
		};
		7191C0881C717DCE003356D3 /* Release */ = {
			isa = XCBuildConfiguration;
			buildSettings = {
				BUNDLE_LOADER = "$(TEST_HOST)";
				INFOPLIST_FILE = YTDataSelectDemoTests/Info.plist;
				LD_RUNPATH_SEARCH_PATHS = "$(inherited) @executable_path/Frameworks @loader_path/Frameworks";
				PRODUCT_BUNDLE_IDENTIFIER = hzxcbkj.YTDataSelectDemoTests;
				PRODUCT_NAME = "$(TARGET_NAME)";
				TEST_HOST = "$(BUILT_PRODUCTS_DIR)/YTDataSelectDemo.app/YTDataSelectDemo";
			};
			name = Release;
		};
		7191C08A1C717DCE003356D3 /* Debug */ = {
			isa = XCBuildConfiguration;
			buildSettings = {
				INFOPLIST_FILE = YTDataSelectDemoUITests/Info.plist;
				LD_RUNPATH_SEARCH_PATHS = "$(inherited) @executable_path/Frameworks @loader_path/Frameworks";
				PRODUCT_BUNDLE_IDENTIFIER = hzxcbkj.YTDataSelectDemoUITests;
				PRODUCT_NAME = "$(TARGET_NAME)";
				TEST_TARGET_NAME = YTDataSelectDemo;
				USES_XCTRUNNER = YES;
			};
			name = Debug;
		};
		7191C08B1C717DCE003356D3 /* Release */ = {
			isa = XCBuildConfiguration;
			buildSettings = {
				INFOPLIST_FILE = YTDataSelectDemoUITests/Info.plist;
				LD_RUNPATH_SEARCH_PATHS = "$(inherited) @executable_path/Frameworks @loader_path/Frameworks";
				PRODUCT_BUNDLE_IDENTIFIER = hzxcbkj.YTDataSelectDemoUITests;
				PRODUCT_NAME = "$(TARGET_NAME)";
				TEST_TARGET_NAME = YTDataSelectDemo;
				USES_XCTRUNNER = YES;
			};
			name = Release;
		};
/* End XCBuildConfiguration section */

/* Begin XCConfigurationList section */
		7191C0511C717DCD003356D3 /* Build configuration list for PBXProject "YTDataSelectDemo" */ = {
			isa = XCConfigurationList;
			buildConfigurations = (
				7191C0811C717DCE003356D3 /* Debug */,
				7191C0821C717DCE003356D3 /* Release */,
			);
			defaultConfigurationIsVisible = 0;
			defaultConfigurationName = Release;
		};
		7191C0831C717DCE003356D3 /* Build configuration list for PBXNativeTarget "YTDataSelectDemo" */ = {
			isa = XCConfigurationList;
			buildConfigurations = (
				7191C0841C717DCE003356D3 /* Debug */,
				7191C0851C717DCE003356D3 /* Release */,
			);
			defaultConfigurationIsVisible = 0;
			defaultConfigurationName = Release;
		};
		7191C0861C717DCE003356D3 /* Build configuration list for PBXNativeTarget "YTDataSelectDemoTests" */ = {
			isa = XCConfigurationList;
			buildConfigurations = (
				7191C0871C717DCE003356D3 /* Debug */,
				7191C0881C717DCE003356D3 /* Release */,
			);
			defaultConfigurationIsVisible = 0;
			defaultConfigurationName = Release;
		};
		7191C0891C717DCE003356D3 /* Build configuration list for PBXNativeTarget "YTDataSelectDemoUITests" */ = {
			isa = XCConfigurationList;
			buildConfigurations = (
				7191C08A1C717DCE003356D3 /* Debug */,
				7191C08B1C717DCE003356D3 /* Release */,
			);
			defaultConfigurationIsVisible = 0;
			defaultConfigurationName = Release;
		};
/* End XCConfigurationList section */
	};
	rootObject = 7191C04E1C717DCD003356D3 /* Project object */;
}
